// !$*UTF8*$!
{
	archiveVersion = 1;
	classes = {
	};
	objectVersion = 56;
	objects = {

/* Begin PBXBuildFile section */
		58117C959EB86BBC3DB04DD9 /* Pods_HowFastYouReact.framework in Frameworks */ = {isa = PBXBuildFile; fileRef = 7C7D0C980054311283EDBC04 /* Pods_HowFastYouReact.framework */; };
		5E1892CD29C2D9A800FBEF0D /* GameCenterViewController.swift in Sources */ = {isa = PBXBuildFile; fileRef = 5E1892CC29C2D9A800FBEF0D /* GameCenterViewController.swift */; };
		5EC7779129C0278C009B7E44 /* Localizable.strings in Resources */ = {isa = PBXBuildFile; fileRef = 5EC7779329C0278C009B7E44 /* Localizable.strings */; };
		5EC7779829C02818009B7E44 /* String+Extension.swift in Sources */ = {isa = PBXBuildFile; fileRef = 5EC7779729C02818009B7E44 /* String+Extension.swift */; };
		5EF3C1B729BEBBFB0033CF32 /* AppDelegate.swift in Sources */ = {isa = PBXBuildFile; fileRef = 5EF3C1B629BEBBFB0033CF32 /* AppDelegate.swift */; };
		5EF3C1B929BEBBFB0033CF32 /* SceneDelegate.swift in Sources */ = {isa = PBXBuildFile; fileRef = 5EF3C1B829BEBBFB0033CF32 /* SceneDelegate.swift */; };
		5EF3C1BB29BEBBFB0033CF32 /* MainViewController.swift in Sources */ = {isa = PBXBuildFile; fileRef = 5EF3C1BA29BEBBFB0033CF32 /* MainViewController.swift */; };
		5EF3C1C029BEBC000033CF32 /* Assets.xcassets in Resources */ = {isa = PBXBuildFile; fileRef = 5EF3C1BF29BEBC000033CF32 /* Assets.xcassets */; };
		5EF3C1C329BEBC000033CF32 /* LaunchScreen.storyboard in Resources */ = {isa = PBXBuildFile; fileRef = 5EF3C1C129BEBC000033CF32 /* LaunchScreen.storyboard */; };
		5EF3C1CE29BEBC030033CF32 /* HowFastYouReactTests.swift in Sources */ = {isa = PBXBuildFile; fileRef = 5EF3C1CD29BEBC030033CF32 /* HowFastYouReactTests.swift */; };
		5EF3C1D829BEBC030033CF32 /* HowFastYouReactUITests.swift in Sources */ = {isa = PBXBuildFile; fileRef = 5EF3C1D729BEBC030033CF32 /* HowFastYouReactUITests.swift */; };
		5EF3C1DA29BEBC030033CF32 /* HowFastYouReactUITestsLaunchTests.swift in Sources */ = {isa = PBXBuildFile; fileRef = 5EF3C1D929BEBC030033CF32 /* HowFastYouReactUITestsLaunchTests.swift */; };
		5EF3C1ED29BEBFBE0033CF32 /* Protocol.swift in Sources */ = {isa = PBXBuildFile; fileRef = 5EF3C1EC29BEBFBE0033CF32 /* Protocol.swift */; };
		5EF3C1F029BEC14D0033CF32 /* LogHelper.swift in Sources */ = {isa = PBXBuildFile; fileRef = 5EF3C1EF29BEC14D0033CF32 /* LogHelper.swift */; };
		5EF3C20629BED9720033CF32 /* Pretendard-Regular.otf in Resources */ = {isa = PBXBuildFile; fileRef = 5EF3C1FD29BED9720033CF32 /* Pretendard-Regular.otf */; };
		5EF3C20729BED9720033CF32 /* Pretendard-Regular.otf in Resources */ = {isa = PBXBuildFile; fileRef = 5EF3C1FD29BED9720033CF32 /* Pretendard-Regular.otf */; };
		5EF3C20829BED9720033CF32 /* Pretendard-Regular.otf in Resources */ = {isa = PBXBuildFile; fileRef = 5EF3C1FD29BED9720033CF32 /* Pretendard-Regular.otf */; };
		5EF3C20929BED9720033CF32 /* Pretendard-Black.otf in Resources */ = {isa = PBXBuildFile; fileRef = 5EF3C1FE29BED9720033CF32 /* Pretendard-Black.otf */; };
		5EF3C20A29BED9720033CF32 /* Pretendard-Black.otf in Resources */ = {isa = PBXBuildFile; fileRef = 5EF3C1FE29BED9720033CF32 /* Pretendard-Black.otf */; };
		5EF3C20B29BED9720033CF32 /* Pretendard-Black.otf in Resources */ = {isa = PBXBuildFile; fileRef = 5EF3C1FE29BED9720033CF32 /* Pretendard-Black.otf */; };
		5EF3C20C29BED9720033CF32 /* Pretendard-Medium.otf in Resources */ = {isa = PBXBuildFile; fileRef = 5EF3C1FF29BED9720033CF32 /* Pretendard-Medium.otf */; };
		5EF3C20D29BED9720033CF32 /* Pretendard-Medium.otf in Resources */ = {isa = PBXBuildFile; fileRef = 5EF3C1FF29BED9720033CF32 /* Pretendard-Medium.otf */; };
		5EF3C20E29BED9720033CF32 /* Pretendard-Medium.otf in Resources */ = {isa = PBXBuildFile; fileRef = 5EF3C1FF29BED9720033CF32 /* Pretendard-Medium.otf */; };
		5EF3C20F29BED9720033CF32 /* Pretendard-Light.otf in Resources */ = {isa = PBXBuildFile; fileRef = 5EF3C20029BED9720033CF32 /* Pretendard-Light.otf */; };
		5EF3C21029BED9720033CF32 /* Pretendard-Light.otf in Resources */ = {isa = PBXBuildFile; fileRef = 5EF3C20029BED9720033CF32 /* Pretendard-Light.otf */; };
		5EF3C21129BED9720033CF32 /* Pretendard-Light.otf in Resources */ = {isa = PBXBuildFile; fileRef = 5EF3C20029BED9720033CF32 /* Pretendard-Light.otf */; };
		5EF3C21229BED9720033CF32 /* Pretendard-ExtraBold.otf in Resources */ = {isa = PBXBuildFile; fileRef = 5EF3C20129BED9720033CF32 /* Pretendard-ExtraBold.otf */; };
		5EF3C21329BED9720033CF32 /* Pretendard-ExtraBold.otf in Resources */ = {isa = PBXBuildFile; fileRef = 5EF3C20129BED9720033CF32 /* Pretendard-ExtraBold.otf */; };
		5EF3C21429BED9720033CF32 /* Pretendard-ExtraBold.otf in Resources */ = {isa = PBXBuildFile; fileRef = 5EF3C20129BED9720033CF32 /* Pretendard-ExtraBold.otf */; };
		5EF3C21529BED9720033CF32 /* Pretendard-Bold.otf in Resources */ = {isa = PBXBuildFile; fileRef = 5EF3C20229BED9720033CF32 /* Pretendard-Bold.otf */; };
		5EF3C21629BED9720033CF32 /* Pretendard-Bold.otf in Resources */ = {isa = PBXBuildFile; fileRef = 5EF3C20229BED9720033CF32 /* Pretendard-Bold.otf */; };
		5EF3C21729BED9720033CF32 /* Pretendard-Bold.otf in Resources */ = {isa = PBXBuildFile; fileRef = 5EF3C20229BED9720033CF32 /* Pretendard-Bold.otf */; };
		5EF3C21829BED9720033CF32 /* Pretendard-Thin.otf in Resources */ = {isa = PBXBuildFile; fileRef = 5EF3C20329BED9720033CF32 /* Pretendard-Thin.otf */; };
		5EF3C21929BED9720033CF32 /* Pretendard-Thin.otf in Resources */ = {isa = PBXBuildFile; fileRef = 5EF3C20329BED9720033CF32 /* Pretendard-Thin.otf */; };
		5EF3C21A29BED9720033CF32 /* Pretendard-Thin.otf in Resources */ = {isa = PBXBuildFile; fileRef = 5EF3C20329BED9720033CF32 /* Pretendard-Thin.otf */; };
		5EF3C21B29BED9720033CF32 /* Pretendard-ExtraLight.otf in Resources */ = {isa = PBXBuildFile; fileRef = 5EF3C20429BED9720033CF32 /* Pretendard-ExtraLight.otf */; };
		5EF3C21C29BED9720033CF32 /* Pretendard-ExtraLight.otf in Resources */ = {isa = PBXBuildFile; fileRef = 5EF3C20429BED9720033CF32 /* Pretendard-ExtraLight.otf */; };
		5EF3C21D29BED9720033CF32 /* Pretendard-ExtraLight.otf in Resources */ = {isa = PBXBuildFile; fileRef = 5EF3C20429BED9720033CF32 /* Pretendard-ExtraLight.otf */; };
		5EF3C21E29BED9720033CF32 /* Pretendard-SemiBold.otf in Resources */ = {isa = PBXBuildFile; fileRef = 5EF3C20529BED9720033CF32 /* Pretendard-SemiBold.otf */; };
		5EF3C21F29BED9720033CF32 /* Pretendard-SemiBold.otf in Resources */ = {isa = PBXBuildFile; fileRef = 5EF3C20529BED9720033CF32 /* Pretendard-SemiBold.otf */; };
		5EF3C22029BED9720033CF32 /* Pretendard-SemiBold.otf in Resources */ = {isa = PBXBuildFile; fileRef = 5EF3C20529BED9720033CF32 /* Pretendard-SemiBold.otf */; };
		5EF3C22729BEDDB80033CF32 /* MainViewModel.swift in Sources */ = {isa = PBXBuildFile; fileRef = 5EF3C22629BEDDB80033CF32 /* MainViewModel.swift */; };
		5EF3C22829BEDDB80033CF32 /* MainViewModel.swift in Sources */ = {isa = PBXBuildFile; fileRef = 5EF3C22629BEDDB80033CF32 /* MainViewModel.swift */; };
		5EF3C22929BEDDB80033CF32 /* MainViewModel.swift in Sources */ = {isa = PBXBuildFile; fileRef = 5EF3C22629BEDDB80033CF32 /* MainViewModel.swift */; };
		841655EEEFAE9B11BB38C7F3 /* Pods_HowFastYouReact_HowFastYouReactUITests.framework in Frameworks */ = {isa = PBXBuildFile; fileRef = 8318022AD69E89889B7BE11D /* Pods_HowFastYouReact_HowFastYouReactUITests.framework */; };
		A24BAC9B29C0A58500D96AC1 /* FontManager.swift in Sources */ = {isa = PBXBuildFile; fileRef = A24BAC9A29C0A58500D96AC1 /* FontManager.swift */; };
		A24BAC9D29C0A6D400D96AC1 /* ProfileViewController.swift in Sources */ = {isa = PBXBuildFile; fileRef = A24BAC9C29C0A6D400D96AC1 /* ProfileViewController.swift */; };
		BE0FE1FC277AF7E3AF68E2F1 /* Pods_HowFastYouReactTests.framework in Frameworks */ = {isa = PBXBuildFile; fileRef = 6D9856AB7883FC4A3B7F0985 /* Pods_HowFastYouReactTests.framework */; };
/* End PBXBuildFile section */

/* Begin PBXContainerItemProxy section */
		5EF3C1CA29BEBC030033CF32 /* PBXContainerItemProxy */ = {
			isa = PBXContainerItemProxy;
			containerPortal = 5EF3C1AB29BEBBFB0033CF32 /* Project object */;
			proxyType = 1;
			remoteGlobalIDString = 5EF3C1B229BEBBFB0033CF32;
			remoteInfo = HowFastYouReact;
		};
		5EF3C1D429BEBC030033CF32 /* PBXContainerItemProxy */ = {
			isa = PBXContainerItemProxy;
			containerPortal = 5EF3C1AB29BEBBFB0033CF32 /* Project object */;
			proxyType = 1;
			remoteGlobalIDString = 5EF3C1B229BEBBFB0033CF32;
			remoteInfo = HowFastYouReact;
		};
/* End PBXContainerItemProxy section */

/* Begin PBXFileReference section */
		0B7A4CFD54146AE3F835A512 /* Pods-HowFastYouReact.release.xcconfig */ = {isa = PBXFileReference; includeInIndex = 1; lastKnownFileType = text.xcconfig; name = "Pods-HowFastYouReact.release.xcconfig"; path = "Target Support Files/Pods-HowFastYouReact/Pods-HowFastYouReact.release.xcconfig"; sourceTree = "<group>"; };
		442068AFCD8A3A28FDBE5BBE /* Pods-HowFastYouReact.debug.xcconfig */ = {isa = PBXFileReference; includeInIndex = 1; lastKnownFileType = text.xcconfig; name = "Pods-HowFastYouReact.debug.xcconfig"; path = "Target Support Files/Pods-HowFastYouReact/Pods-HowFastYouReact.debug.xcconfig"; sourceTree = "<group>"; };
		5DCCBE14B450B957043E0C58 /* Pods-HowFastYouReact-HowFastYouReactUITests.release.xcconfig */ = {isa = PBXFileReference; includeInIndex = 1; lastKnownFileType = text.xcconfig; name = "Pods-HowFastYouReact-HowFastYouReactUITests.release.xcconfig"; path = "Target Support Files/Pods-HowFastYouReact-HowFastYouReactUITests/Pods-HowFastYouReact-HowFastYouReactUITests.release.xcconfig"; sourceTree = "<group>"; };
		5E1892CC29C2D9A800FBEF0D /* GameCenterViewController.swift */ = {isa = PBXFileReference; lastKnownFileType = sourcecode.swift; path = GameCenterViewController.swift; sourceTree = "<group>"; };
		5EC7779229C0278C009B7E44 /* en */ = {isa = PBXFileReference; lastKnownFileType = text.plist.strings; name = en; path = en.lproj/Localizable.strings; sourceTree = "<group>"; };
		5EC7779429C027A2009B7E44 /* ko */ = {isa = PBXFileReference; lastKnownFileType = text.plist.strings; name = ko; path = ko.lproj/Localizable.strings; sourceTree = "<group>"; };
		5EC7779529C027AC009B7E44 /* ja */ = {isa = PBXFileReference; lastKnownFileType = text.plist.strings; name = ja; path = ja.lproj/Localizable.strings; sourceTree = "<group>"; };
		5EC7779729C02818009B7E44 /* String+Extension.swift */ = {isa = PBXFileReference; lastKnownFileType = sourcecode.swift; path = "String+Extension.swift"; sourceTree = "<group>"; };
		5EF3C1B329BEBBFB0033CF32 /* HowFastYouReact.app */ = {isa = PBXFileReference; explicitFileType = wrapper.application; includeInIndex = 0; path = HowFastYouReact.app; sourceTree = BUILT_PRODUCTS_DIR; };
		5EF3C1B629BEBBFB0033CF32 /* AppDelegate.swift */ = {isa = PBXFileReference; lastKnownFileType = sourcecode.swift; path = AppDelegate.swift; sourceTree = "<group>"; };
		5EF3C1B829BEBBFB0033CF32 /* SceneDelegate.swift */ = {isa = PBXFileReference; lastKnownFileType = sourcecode.swift; path = SceneDelegate.swift; sourceTree = "<group>"; };
		5EF3C1BA29BEBBFB0033CF32 /* MainViewController.swift */ = {isa = PBXFileReference; lastKnownFileType = sourcecode.swift; path = MainViewController.swift; sourceTree = "<group>"; };
		5EF3C1BF29BEBC000033CF32 /* Assets.xcassets */ = {isa = PBXFileReference; lastKnownFileType = folder.assetcatalog; path = Assets.xcassets; sourceTree = "<group>"; };
		5EF3C1C229BEBC000033CF32 /* Base */ = {isa = PBXFileReference; lastKnownFileType = file.storyboard; name = Base; path = Base.lproj/LaunchScreen.storyboard; sourceTree = "<group>"; };
		5EF3C1C429BEBC000033CF32 /* Info.plist */ = {isa = PBXFileReference; lastKnownFileType = text.plist.xml; path = Info.plist; sourceTree = "<group>"; };
		5EF3C1C929BEBC030033CF32 /* HowFastYouReactTests.xctest */ = {isa = PBXFileReference; explicitFileType = wrapper.cfbundle; includeInIndex = 0; path = HowFastYouReactTests.xctest; sourceTree = BUILT_PRODUCTS_DIR; };
		5EF3C1CD29BEBC030033CF32 /* HowFastYouReactTests.swift */ = {isa = PBXFileReference; lastKnownFileType = sourcecode.swift; path = HowFastYouReactTests.swift; sourceTree = "<group>"; };
		5EF3C1D329BEBC030033CF32 /* HowFastYouReactUITests.xctest */ = {isa = PBXFileReference; explicitFileType = wrapper.cfbundle; includeInIndex = 0; path = HowFastYouReactUITests.xctest; sourceTree = BUILT_PRODUCTS_DIR; };
		5EF3C1D729BEBC030033CF32 /* HowFastYouReactUITests.swift */ = {isa = PBXFileReference; lastKnownFileType = sourcecode.swift; path = HowFastYouReactUITests.swift; sourceTree = "<group>"; };
		5EF3C1D929BEBC030033CF32 /* HowFastYouReactUITestsLaunchTests.swift */ = {isa = PBXFileReference; lastKnownFileType = sourcecode.swift; path = HowFastYouReactUITestsLaunchTests.swift; sourceTree = "<group>"; };
		5EF3C1EC29BEBFBE0033CF32 /* Protocol.swift */ = {isa = PBXFileReference; lastKnownFileType = sourcecode.swift; path = Protocol.swift; sourceTree = "<group>"; };
		5EF3C1EF29BEC14D0033CF32 /* LogHelper.swift */ = {isa = PBXFileReference; lastKnownFileType = sourcecode.swift; path = LogHelper.swift; sourceTree = "<group>"; };
		5EF3C1FD29BED9720033CF32 /* Pretendard-Regular.otf */ = {isa = PBXFileReference; lastKnownFileType = file; path = "Pretendard-Regular.otf"; sourceTree = "<group>"; };
		5EF3C1FE29BED9720033CF32 /* Pretendard-Black.otf */ = {isa = PBXFileReference; lastKnownFileType = file; path = "Pretendard-Black.otf"; sourceTree = "<group>"; };
		5EF3C1FF29BED9720033CF32 /* Pretendard-Medium.otf */ = {isa = PBXFileReference; lastKnownFileType = file; path = "Pretendard-Medium.otf"; sourceTree = "<group>"; };
		5EF3C20029BED9720033CF32 /* Pretendard-Light.otf */ = {isa = PBXFileReference; lastKnownFileType = file; path = "Pretendard-Light.otf"; sourceTree = "<group>"; };
		5EF3C20129BED9720033CF32 /* Pretendard-ExtraBold.otf */ = {isa = PBXFileReference; lastKnownFileType = file; path = "Pretendard-ExtraBold.otf"; sourceTree = "<group>"; };
		5EF3C20229BED9720033CF32 /* Pretendard-Bold.otf */ = {isa = PBXFileReference; lastKnownFileType = file; path = "Pretendard-Bold.otf"; sourceTree = "<group>"; };
		5EF3C20329BED9720033CF32 /* Pretendard-Thin.otf */ = {isa = PBXFileReference; lastKnownFileType = file; path = "Pretendard-Thin.otf"; sourceTree = "<group>"; };
		5EF3C20429BED9720033CF32 /* Pretendard-ExtraLight.otf */ = {isa = PBXFileReference; lastKnownFileType = file; path = "Pretendard-ExtraLight.otf"; sourceTree = "<group>"; };
		5EF3C20529BED9720033CF32 /* Pretendard-SemiBold.otf */ = {isa = PBXFileReference; lastKnownFileType = file; path = "Pretendard-SemiBold.otf"; sourceTree = "<group>"; };
		5EF3C22629BEDDB80033CF32 /* MainViewModel.swift */ = {isa = PBXFileReference; lastKnownFileType = sourcecode.swift; path = MainViewModel.swift; sourceTree = "<group>"; };
		6D9856AB7883FC4A3B7F0985 /* Pods_HowFastYouReactTests.framework */ = {isa = PBXFileReference; explicitFileType = wrapper.framework; includeInIndex = 0; path = Pods_HowFastYouReactTests.framework; sourceTree = BUILT_PRODUCTS_DIR; };
		6FBC9847F3427AF2C8F11D6F /* Pods-HowFastYouReactTests.debug.xcconfig */ = {isa = PBXFileReference; includeInIndex = 1; lastKnownFileType = text.xcconfig; name = "Pods-HowFastYouReactTests.debug.xcconfig"; path = "Target Support Files/Pods-HowFastYouReactTests/Pods-HowFastYouReactTests.debug.xcconfig"; sourceTree = "<group>"; };
		7C7D0C980054311283EDBC04 /* Pods_HowFastYouReact.framework */ = {isa = PBXFileReference; explicitFileType = wrapper.framework; includeInIndex = 0; path = Pods_HowFastYouReact.framework; sourceTree = BUILT_PRODUCTS_DIR; };
		8318022AD69E89889B7BE11D /* Pods_HowFastYouReact_HowFastYouReactUITests.framework */ = {isa = PBXFileReference; explicitFileType = wrapper.framework; includeInIndex = 0; path = Pods_HowFastYouReact_HowFastYouReactUITests.framework; sourceTree = BUILT_PRODUCTS_DIR; };
		A24BAC9A29C0A58500D96AC1 /* FontManager.swift */ = {isa = PBXFileReference; lastKnownFileType = sourcecode.swift; path = FontManager.swift; sourceTree = "<group>"; };
		A24BAC9C29C0A6D400D96AC1 /* ProfileViewController.swift */ = {isa = PBXFileReference; lastKnownFileType = sourcecode.swift; path = ProfileViewController.swift; sourceTree = "<group>"; };
		A57BBAA6D0C4D65C89EBDFEA /* Pods-HowFastYouReactTests.release.xcconfig */ = {isa = PBXFileReference; includeInIndex = 1; lastKnownFileType = text.xcconfig; name = "Pods-HowFastYouReactTests.release.xcconfig"; path = "Target Support Files/Pods-HowFastYouReactTests/Pods-HowFastYouReactTests.release.xcconfig"; sourceTree = "<group>"; };
		D41039D009356C2D7392018D /* Pods-HowFastYouReact-HowFastYouReactUITests.debug.xcconfig */ = {isa = PBXFileReference; includeInIndex = 1; lastKnownFileType = text.xcconfig; name = "Pods-HowFastYouReact-HowFastYouReactUITests.debug.xcconfig"; path = "Target Support Files/Pods-HowFastYouReact-HowFastYouReactUITests/Pods-HowFastYouReact-HowFastYouReactUITests.debug.xcconfig"; sourceTree = "<group>"; };
/* End PBXFileReference section */

/* Begin PBXFrameworksBuildPhase section */
		5EF3C1B029BEBBFB0033CF32 /* Frameworks */ = {
			isa = PBXFrameworksBuildPhase;
			buildActionMask = 2147483647;
			files = (
				58117C959EB86BBC3DB04DD9 /* Pods_HowFastYouReact.framework in Frameworks */,
			);
			runOnlyForDeploymentPostprocessing = 0;
		};
		5EF3C1C629BEBC030033CF32 /* Frameworks */ = {
			isa = PBXFrameworksBuildPhase;
			buildActionMask = 2147483647;
			files = (
				BE0FE1FC277AF7E3AF68E2F1 /* Pods_HowFastYouReactTests.framework in Frameworks */,
			);
			runOnlyForDeploymentPostprocessing = 0;
		};
		5EF3C1D029BEBC030033CF32 /* Frameworks */ = {
			isa = PBXFrameworksBuildPhase;
			buildActionMask = 2147483647;
			files = (
				841655EEEFAE9B11BB38C7F3 /* Pods_HowFastYouReact_HowFastYouReactUITests.framework in Frameworks */,
			);
			runOnlyForDeploymentPostprocessing = 0;
		};
/* End PBXFrameworksBuildPhase section */

/* Begin PBXGroup section */
		5EC7778829C02682009B7E44 /* Localizable */ = {
			isa = PBXGroup;
			children = (
				5EC7779329C0278C009B7E44 /* Localizable.strings */,
			);
			path = Localizable;
			sourceTree = "<group>";
		};
		5EC7779629C02809009B7E44 /* Extension */ = {
			isa = PBXGroup;
			children = (
				5EC7779729C02818009B7E44 /* String+Extension.swift */,
			);
			path = Extension;
			sourceTree = "<group>";
		};
		5EF3C1AA29BEBBFB0033CF32 = {
			isa = PBXGroup;
			children = (
				5EF3C1B529BEBBFB0033CF32 /* HowFastYouReact */,
				5EF3C1CC29BEBC030033CF32 /* HowFastYouReactTests */,
				5EF3C1D629BEBC030033CF32 /* HowFastYouReactUITests */,
				5EF3C1B429BEBBFB0033CF32 /* Products */,
				6031D326F4985A5985466465 /* Pods */,
				D64C1410AF0601180B888A17 /* Frameworks */,
			);
			sourceTree = "<group>";
		};
		5EF3C1B429BEBBFB0033CF32 /* Products */ = {
			isa = PBXGroup;
			children = (
				5EF3C1B329BEBBFB0033CF32 /* HowFastYouReact.app */,
				5EF3C1C929BEBC030033CF32 /* HowFastYouReactTests.xctest */,
				5EF3C1D329BEBC030033CF32 /* HowFastYouReactUITests.xctest */,
			);
			name = Products;
			sourceTree = "<group>";
		};
		5EF3C1B529BEBBFB0033CF32 /* HowFastYouReact */ = {
			isa = PBXGroup;
			children = (
				5EF3C1C429BEBC000033CF32 /* Info.plist */,
				5EC7779629C02809009B7E44 /* Extension */,
				5EF3C1EB29BEBFB50033CF32 /* Protocol */,
				5EF3C1E729BEBF4C0033CF32 /* Resource */,
				5EF3C1E629BEBF110033CF32 /* AppDelegate */,
				5EF3C1E829BEBF950033CF32 /* Model */,
				5EF3C1E929BEBF9B0033CF32 /* View */,
				5EF3C1EA29BEBF9F0033CF32 /* ViewModel */,
				5EF3C1EE29BEC10F0033CF32 /* Helper */,
			);
			path = HowFastYouReact;
			sourceTree = "<group>";
		};
		5EF3C1CC29BEBC030033CF32 /* HowFastYouReactTests */ = {
			isa = PBXGroup;
			children = (
				5EF3C1CD29BEBC030033CF32 /* HowFastYouReactTests.swift */,
			);
			path = HowFastYouReactTests;
			sourceTree = "<group>";
		};
		5EF3C1D629BEBC030033CF32 /* HowFastYouReactUITests */ = {
			isa = PBXGroup;
			children = (
				5EF3C1D729BEBC030033CF32 /* HowFastYouReactUITests.swift */,
				5EF3C1D929BEBC030033CF32 /* HowFastYouReactUITestsLaunchTests.swift */,
			);
			path = HowFastYouReactUITests;
			sourceTree = "<group>";
		};
		5EF3C1E629BEBF110033CF32 /* AppDelegate */ = {
			isa = PBXGroup;
			children = (
				5EF3C1B629BEBBFB0033CF32 /* AppDelegate.swift */,
				5EF3C1B829BEBBFB0033CF32 /* SceneDelegate.swift */,
			);
			path = AppDelegate;
			sourceTree = "<group>";
		};
		5EF3C1E729BEBF4C0033CF32 /* Resource */ = {
			isa = PBXGroup;
			children = (
				5EF3C1BF29BEBC000033CF32 /* Assets.xcassets */,
				5EF3C1C129BEBC000033CF32 /* LaunchScreen.storyboard */,
			);
			path = Resource;
			sourceTree = "<group>";
		};
		5EF3C1E829BEBF950033CF32 /* Model */ = {
			isa = PBXGroup;
			children = (
			);
			path = Model;
			sourceTree = "<group>";
		};
		5EF3C1E929BEBF9B0033CF32 /* View */ = {
			isa = PBXGroup;
			children = (
				5EF3C1BA29BEBBFB0033CF32 /* MainViewController.swift */,
				A24BAC9C29C0A6D400D96AC1 /* ProfileViewController.swift */,
				5E1892CC29C2D9A800FBEF0D /* GameCenterViewController.swift */,
			);
			path = View;
			sourceTree = "<group>";
		};
		5EF3C1EA29BEBF9F0033CF32 /* ViewModel */ = {
			isa = PBXGroup;
			children = (
				5EF3C22629BEDDB80033CF32 /* MainViewModel.swift */,
			);
			path = ViewModel;
			sourceTree = "<group>";
		};
		5EF3C1EB29BEBFB50033CF32 /* Protocol */ = {
			isa = PBXGroup;
			children = (
				5EF3C1EC29BEBFBE0033CF32 /* Protocol.swift */,
			);
			path = Protocol;
			sourceTree = "<group>";
		};
		5EF3C1EE29BEC10F0033CF32 /* Helper */ = {
			isa = PBXGroup;
			children = (
				5EC7778829C02682009B7E44 /* Localizable */,
				5EF3C1F529BEC2960033CF32 /* Log */,
				5EF3C1FC29BED9720033CF32 /* Font */,
			);
			path = Helper;
			sourceTree = "<group>";
		};
		5EF3C1F529BEC2960033CF32 /* Log */ = {
			isa = PBXGroup;
			children = (
				5EF3C1EF29BEC14D0033CF32 /* LogHelper.swift */,
			);
			path = Log;
			sourceTree = "<group>";
		};
		5EF3C1FC29BED9720033CF32 /* Font */ = {
			isa = PBXGroup;
			children = (
				A24BAC9A29C0A58500D96AC1 /* FontManager.swift */,
				5EF3C1FD29BED9720033CF32 /* Pretendard-Regular.otf */,
				5EF3C1FE29BED9720033CF32 /* Pretendard-Black.otf */,
				5EF3C1FF29BED9720033CF32 /* Pretendard-Medium.otf */,
				5EF3C20029BED9720033CF32 /* Pretendard-Light.otf */,
				5EF3C20129BED9720033CF32 /* Pretendard-ExtraBold.otf */,
				5EF3C20229BED9720033CF32 /* Pretendard-Bold.otf */,
				5EF3C20329BED9720033CF32 /* Pretendard-Thin.otf */,
				5EF3C20429BED9720033CF32 /* Pretendard-ExtraLight.otf */,
				5EF3C20529BED9720033CF32 /* Pretendard-SemiBold.otf */,
			);
			name = Font;
			path = ../../../Summar/Summar/Helper/Font;
			sourceTree = "<group>";
		};
		6031D326F4985A5985466465 /* Pods */ = {
			isa = PBXGroup;
			children = (
				442068AFCD8A3A28FDBE5BBE /* Pods-HowFastYouReact.debug.xcconfig */,
				0B7A4CFD54146AE3F835A512 /* Pods-HowFastYouReact.release.xcconfig */,
				D41039D009356C2D7392018D /* Pods-HowFastYouReact-HowFastYouReactUITests.debug.xcconfig */,
				5DCCBE14B450B957043E0C58 /* Pods-HowFastYouReact-HowFastYouReactUITests.release.xcconfig */,
				6FBC9847F3427AF2C8F11D6F /* Pods-HowFastYouReactTests.debug.xcconfig */,
				A57BBAA6D0C4D65C89EBDFEA /* Pods-HowFastYouReactTests.release.xcconfig */,
			);
			path = Pods;
			sourceTree = "<group>";
		};
		D64C1410AF0601180B888A17 /* Frameworks */ = {
			isa = PBXGroup;
			children = (
				7C7D0C980054311283EDBC04 /* Pods_HowFastYouReact.framework */,
				8318022AD69E89889B7BE11D /* Pods_HowFastYouReact_HowFastYouReactUITests.framework */,
				6D9856AB7883FC4A3B7F0985 /* Pods_HowFastYouReactTests.framework */,
			);
			name = Frameworks;
			sourceTree = "<group>";
		};
/* End PBXGroup section */

/* Begin PBXNativeTarget section */
		5EF3C1B229BEBBFB0033CF32 /* HowFastYouReact */ = {
			isa = PBXNativeTarget;
			buildConfigurationList = 5EF3C1DD29BEBC030033CF32 /* Build configuration list for PBXNativeTarget "HowFastYouReact" */;
			buildPhases = (
				C0FEEEA9D94480332B13A0FA /* [CP] Check Pods Manifest.lock */,
				5EF3C1AF29BEBBFB0033CF32 /* Sources */,
				5EF3C1B029BEBBFB0033CF32 /* Frameworks */,
				5EF3C1B129BEBBFB0033CF32 /* Resources */,
				D4EECFE8429654EBA5FC93CE /* [CP] Embed Pods Frameworks */,
			);
			buildRules = (
			);
			dependencies = (
			);
			name = HowFastYouReact;
			productName = HowFastYouReact;
			productReference = 5EF3C1B329BEBBFB0033CF32 /* HowFastYouReact.app */;
			productType = "com.apple.product-type.application";
		};
		5EF3C1C829BEBC030033CF32 /* HowFastYouReactTests */ = {
			isa = PBXNativeTarget;
			buildConfigurationList = 5EF3C1E029BEBC030033CF32 /* Build configuration list for PBXNativeTarget "HowFastYouReactTests" */;
			buildPhases = (
				0FD0D63A70C0B9D9B317E6A8 /* [CP] Check Pods Manifest.lock */,
				5EF3C1C529BEBC030033CF32 /* Sources */,
				5EF3C1C629BEBC030033CF32 /* Frameworks */,
				5EF3C1C729BEBC030033CF32 /* Resources */,
			);
			buildRules = (
			);
			dependencies = (
				5EF3C1CB29BEBC030033CF32 /* PBXTargetDependency */,
			);
			name = HowFastYouReactTests;
			productName = HowFastYouReactTests;
			productReference = 5EF3C1C929BEBC030033CF32 /* HowFastYouReactTests.xctest */;
			productType = "com.apple.product-type.bundle.unit-test";
		};
		5EF3C1D229BEBC030033CF32 /* HowFastYouReactUITests */ = {
			isa = PBXNativeTarget;
			buildConfigurationList = 5EF3C1E329BEBC030033CF32 /* Build configuration list for PBXNativeTarget "HowFastYouReactUITests" */;
			buildPhases = (
				F9EA97C0B5AB6503383213EE /* [CP] Check Pods Manifest.lock */,
				5EF3C1CF29BEBC030033CF32 /* Sources */,
				5EF3C1D029BEBC030033CF32 /* Frameworks */,
				5EF3C1D129BEBC030033CF32 /* Resources */,
				50FDD89E028F69EA20B729A5 /* [CP] Embed Pods Frameworks */,
			);
			buildRules = (
			);
			dependencies = (
				5EF3C1D529BEBC030033CF32 /* PBXTargetDependency */,
			);
			name = HowFastYouReactUITests;
			productName = HowFastYouReactUITests;
			productReference = 5EF3C1D329BEBC030033CF32 /* HowFastYouReactUITests.xctest */;
			productType = "com.apple.product-type.bundle.ui-testing";
		};
/* End PBXNativeTarget section */

/* Begin PBXProject section */
		5EF3C1AB29BEBBFB0033CF32 /* Project object */ = {
			isa = PBXProject;
			attributes = {
				BuildIndependentTargetsInParallel = 1;
				LastSwiftUpdateCheck = 1420;
				LastUpgradeCheck = 1420;
				TargetAttributes = {
					5EF3C1B229BEBBFB0033CF32 = {
						CreatedOnToolsVersion = 14.2;
					};
					5EF3C1C829BEBC030033CF32 = {
						CreatedOnToolsVersion = 14.2;
						TestTargetID = 5EF3C1B229BEBBFB0033CF32;
					};
					5EF3C1D229BEBC030033CF32 = {
						CreatedOnToolsVersion = 14.2;
						TestTargetID = 5EF3C1B229BEBBFB0033CF32;
					};
				};
			};
			buildConfigurationList = 5EF3C1AE29BEBBFB0033CF32 /* Build configuration list for PBXProject "HowFastYouReact" */;
			compatibilityVersion = "Xcode 14.0";
			developmentRegion = en;
			hasScannedForEncodings = 0;
			knownRegions = (
				en,
				Base,
				ko,
				ja,
			);
			mainGroup = 5EF3C1AA29BEBBFB0033CF32;
			productRefGroup = 5EF3C1B429BEBBFB0033CF32 /* Products */;
			projectDirPath = "";
			projectRoot = "";
			targets = (
				5EF3C1B229BEBBFB0033CF32 /* HowFastYouReact */,
				5EF3C1C829BEBC030033CF32 /* HowFastYouReactTests */,
				5EF3C1D229BEBC030033CF32 /* HowFastYouReactUITests */,
			);
		};
/* End PBXProject section */

/* Begin PBXResourcesBuildPhase section */
		5EF3C1B129BEBBFB0033CF32 /* Resources */ = {
			isa = PBXResourcesBuildPhase;
			buildActionMask = 2147483647;
			files = (
				5EF3C21E29BED9720033CF32 /* Pretendard-SemiBold.otf in Resources */,
				5EC7779129C0278C009B7E44 /* Localizable.strings in Resources */,
				5EF3C1C329BEBC000033CF32 /* LaunchScreen.storyboard in Resources */,
				5EF3C21529BED9720033CF32 /* Pretendard-Bold.otf in Resources */,
				5EF3C21B29BED9720033CF32 /* Pretendard-ExtraLight.otf in Resources */,
				5EF3C20C29BED9720033CF32 /* Pretendard-Medium.otf in Resources */,
				5EF3C21829BED9720033CF32 /* Pretendard-Thin.otf in Resources */,
				5EF3C21229BED9720033CF32 /* Pretendard-ExtraBold.otf in Resources */,
				5EF3C20629BED9720033CF32 /* Pretendard-Regular.otf in Resources */,
				5EF3C20929BED9720033CF32 /* Pretendard-Black.otf in Resources */,
				5EF3C1C029BEBC000033CF32 /* Assets.xcassets in Resources */,
				5EF3C20F29BED9720033CF32 /* Pretendard-Light.otf in Resources */,
			);
			runOnlyForDeploymentPostprocessing = 0;
		};
		5EF3C1C729BEBC030033CF32 /* Resources */ = {
			isa = PBXResourcesBuildPhase;
			buildActionMask = 2147483647;
			files = (
				5EF3C20A29BED9720033CF32 /* Pretendard-Black.otf in Resources */,
				5EF3C21629BED9720033CF32 /* Pretendard-Bold.otf in Resources */,
				5EF3C21C29BED9720033CF32 /* Pretendard-ExtraLight.otf in Resources */,
				5EF3C21929BED9720033CF32 /* Pretendard-Thin.otf in Resources */,
				5EF3C21029BED9720033CF32 /* Pretendard-Light.otf in Resources */,
				5EF3C21329BED9720033CF32 /* Pretendard-ExtraBold.otf in Resources */,
				5EF3C21F29BED9720033CF32 /* Pretendard-SemiBold.otf in Resources */,
				5EF3C20729BED9720033CF32 /* Pretendard-Regular.otf in Resources */,
				5EF3C20D29BED9720033CF32 /* Pretendard-Medium.otf in Resources */,
			);
			runOnlyForDeploymentPostprocessing = 0;
		};
		5EF3C1D129BEBC030033CF32 /* Resources */ = {
			isa = PBXResourcesBuildPhase;
			buildActionMask = 2147483647;
			files = (
				5EF3C20B29BED9720033CF32 /* Pretendard-Black.otf in Resources */,
				5EF3C21729BED9720033CF32 /* Pretendard-Bold.otf in Resources */,
				5EF3C21D29BED9720033CF32 /* Pretendard-ExtraLight.otf in Resources */,
				5EF3C21A29BED9720033CF32 /* Pretendard-Thin.otf in Resources */,
				5EF3C21129BED9720033CF32 /* Pretendard-Light.otf in Resources */,
				5EF3C21429BED9720033CF32 /* Pretendard-ExtraBold.otf in Resources */,
				5EF3C22029BED9720033CF32 /* Pretendard-SemiBold.otf in Resources */,
				5EF3C20829BED9720033CF32 /* Pretendard-Regular.otf in Resources */,
				5EF3C20E29BED9720033CF32 /* Pretendard-Medium.otf in Resources */,
			);
			runOnlyForDeploymentPostprocessing = 0;
		};
/* End PBXResourcesBuildPhase section */

/* Begin PBXShellScriptBuildPhase section */
		0FD0D63A70C0B9D9B317E6A8 /* [CP] Check Pods Manifest.lock */ = {
			isa = PBXShellScriptBuildPhase;
			buildActionMask = 2147483647;
			files = (
			);
			inputFileListPaths = (
			);
			inputPaths = (
				"${PODS_PODFILE_DIR_PATH}/Podfile.lock",
				"${PODS_ROOT}/Manifest.lock",
			);
			name = "[CP] Check Pods Manifest.lock";
			outputFileListPaths = (
			);
			outputPaths = (
				"$(DERIVED_FILE_DIR)/Pods-HowFastYouReactTests-checkManifestLockResult.txt",
			);
			runOnlyForDeploymentPostprocessing = 0;
			shellPath = /bin/sh;
			shellScript = "diff \"${PODS_PODFILE_DIR_PATH}/Podfile.lock\" \"${PODS_ROOT}/Manifest.lock\" > /dev/null\nif [ $? != 0 ] ; then\n    # print error to STDERR\n    echo \"error: The sandbox is not in sync with the Podfile.lock. Run 'pod install' or update your CocoaPods installation.\" >&2\n    exit 1\nfi\n# This output is used by Xcode 'outputs' to avoid re-running this script phase.\necho \"SUCCESS\" > \"${SCRIPT_OUTPUT_FILE_0}\"\n";
			showEnvVarsInLog = 0;
		};
		50FDD89E028F69EA20B729A5 /* [CP] Embed Pods Frameworks */ = {
			isa = PBXShellScriptBuildPhase;
			buildActionMask = 2147483647;
			files = (
			);
			inputFileListPaths = (
				"${PODS_ROOT}/Target Support Files/Pods-HowFastYouReact-HowFastYouReactUITests/Pods-HowFastYouReact-HowFastYouReactUITests-frameworks-${CONFIGURATION}-input-files.xcfilelist",
			);
			name = "[CP] Embed Pods Frameworks";
			outputFileListPaths = (
				"${PODS_ROOT}/Target Support Files/Pods-HowFastYouReact-HowFastYouReactUITests/Pods-HowFastYouReact-HowFastYouReactUITests-frameworks-${CONFIGURATION}-output-files.xcfilelist",
			);
			runOnlyForDeploymentPostprocessing = 0;
			shellPath = /bin/sh;
			shellScript = "\"${PODS_ROOT}/Target Support Files/Pods-HowFastYouReact-HowFastYouReactUITests/Pods-HowFastYouReact-HowFastYouReactUITests-frameworks.sh\"\n";
			showEnvVarsInLog = 0;
		};
		C0FEEEA9D94480332B13A0FA /* [CP] Check Pods Manifest.lock */ = {
			isa = PBXShellScriptBuildPhase;
			buildActionMask = 2147483647;
			files = (
			);
			inputFileListPaths = (
			);
			inputPaths = (
				"${PODS_PODFILE_DIR_PATH}/Podfile.lock",
				"${PODS_ROOT}/Manifest.lock",
			);
			name = "[CP] Check Pods Manifest.lock";
			outputFileListPaths = (
			);
			outputPaths = (
				"$(DERIVED_FILE_DIR)/Pods-HowFastYouReact-checkManifestLockResult.txt",
			);
			runOnlyForDeploymentPostprocessing = 0;
			shellPath = /bin/sh;
			shellScript = "diff \"${PODS_PODFILE_DIR_PATH}/Podfile.lock\" \"${PODS_ROOT}/Manifest.lock\" > /dev/null\nif [ $? != 0 ] ; then\n    # print error to STDERR\n    echo \"error: The sandbox is not in sync with the Podfile.lock. Run 'pod install' or update your CocoaPods installation.\" >&2\n    exit 1\nfi\n# This output is used by Xcode 'outputs' to avoid re-running this script phase.\necho \"SUCCESS\" > \"${SCRIPT_OUTPUT_FILE_0}\"\n";
			showEnvVarsInLog = 0;
		};
		D4EECFE8429654EBA5FC93CE /* [CP] Embed Pods Frameworks */ = {
			isa = PBXShellScriptBuildPhase;
			buildActionMask = 2147483647;
			files = (
			);
			inputFileListPaths = (
				"${PODS_ROOT}/Target Support Files/Pods-HowFastYouReact/Pods-HowFastYouReact-frameworks-${CONFIGURATION}-input-files.xcfilelist",
			);
			name = "[CP] Embed Pods Frameworks";
			outputFileListPaths = (
				"${PODS_ROOT}/Target Support Files/Pods-HowFastYouReact/Pods-HowFastYouReact-frameworks-${CONFIGURATION}-output-files.xcfilelist",
			);
			runOnlyForDeploymentPostprocessing = 0;
			shellPath = /bin/sh;
			shellScript = "\"${PODS_ROOT}/Target Support Files/Pods-HowFastYouReact/Pods-HowFastYouReact-frameworks.sh\"\n";
			showEnvVarsInLog = 0;
		};
		F9EA97C0B5AB6503383213EE /* [CP] Check Pods Manifest.lock */ = {
			isa = PBXShellScriptBuildPhase;
			buildActionMask = 2147483647;
			files = (
			);
			inputFileListPaths = (
			);
			inputPaths = (
				"${PODS_PODFILE_DIR_PATH}/Podfile.lock",
				"${PODS_ROOT}/Manifest.lock",
			);
			name = "[CP] Check Pods Manifest.lock";
			outputFileListPaths = (
			);
			outputPaths = (
				"$(DERIVED_FILE_DIR)/Pods-HowFastYouReact-HowFastYouReactUITests-checkManifestLockResult.txt",
			);
			runOnlyForDeploymentPostprocessing = 0;
			shellPath = /bin/sh;
			shellScript = "diff \"${PODS_PODFILE_DIR_PATH}/Podfile.lock\" \"${PODS_ROOT}/Manifest.lock\" > /dev/null\nif [ $? != 0 ] ; then\n    # print error to STDERR\n    echo \"error: The sandbox is not in sync with the Podfile.lock. Run 'pod install' or update your CocoaPods installation.\" >&2\n    exit 1\nfi\n# This output is used by Xcode 'outputs' to avoid re-running this script phase.\necho \"SUCCESS\" > \"${SCRIPT_OUTPUT_FILE_0}\"\n";
			showEnvVarsInLog = 0;
		};
/* End PBXShellScriptBuildPhase section */

/* Begin PBXSourcesBuildPhase section */
		5EF3C1AF29BEBBFB0033CF32 /* Sources */ = {
			isa = PBXSourcesBuildPhase;
			buildActionMask = 2147483647;
			files = (
				5EC7779829C02818009B7E44 /* String+Extension.swift in Sources */,
				5EF3C22729BEDDB80033CF32 /* MainViewModel.swift in Sources */,
				5EF3C1BB29BEBBFB0033CF32 /* MainViewController.swift in Sources */,
				5E1892CD29C2D9A800FBEF0D /* GameCenterViewController.swift in Sources */,
				5EF3C1F029BEC14D0033CF32 /* LogHelper.swift in Sources */,
				5EF3C1B729BEBBFB0033CF32 /* AppDelegate.swift in Sources */,
				5EF3C1B929BEBBFB0033CF32 /* SceneDelegate.swift in Sources */,
				A24BAC9D29C0A6D400D96AC1 /* ProfileViewController.swift in Sources */,
				A24BAC9B29C0A58500D96AC1 /* FontManager.swift in Sources */,
				5EF3C1ED29BEBFBE0033CF32 /* Protocol.swift in Sources */,
			);
			runOnlyForDeploymentPostprocessing = 0;
		};
		5EF3C1C529BEBC030033CF32 /* Sources */ = {
			isa = PBXSourcesBuildPhase;
			buildActionMask = 2147483647;
			files = (
				5EF3C1CE29BEBC030033CF32 /* HowFastYouReactTests.swift in Sources */,
				5EF3C22829BEDDB80033CF32 /* MainViewModel.swift in Sources */,
			);
			runOnlyForDeploymentPostprocessing = 0;
		};
		5EF3C1CF29BEBC030033CF32 /* Sources */ = {
			isa = PBXSourcesBuildPhase;
			buildActionMask = 2147483647;
			files = (
				5EF3C1D829BEBC030033CF32 /* HowFastYouReactUITests.swift in Sources */,
				5EF3C1DA29BEBC030033CF32 /* HowFastYouReactUITestsLaunchTests.swift in Sources */,
				5EF3C22929BEDDB80033CF32 /* MainViewModel.swift in Sources */,
			);
			runOnlyForDeploymentPostprocessing = 0;
		};
/* End PBXSourcesBuildPhase section */

/* Begin PBXTargetDependency section */
		5EF3C1CB29BEBC030033CF32 /* PBXTargetDependency */ = {
			isa = PBXTargetDependency;
			target = 5EF3C1B229BEBBFB0033CF32 /* HowFastYouReact */;
			targetProxy = 5EF3C1CA29BEBC030033CF32 /* PBXContainerItemProxy */;
		};
		5EF3C1D529BEBC030033CF32 /* PBXTargetDependency */ = {
			isa = PBXTargetDependency;
			target = 5EF3C1B229BEBBFB0033CF32 /* HowFastYouReact */;
			targetProxy = 5EF3C1D429BEBC030033CF32 /* PBXContainerItemProxy */;
		};
/* End PBXTargetDependency section */

/* Begin PBXVariantGroup section */
		5EC7779329C0278C009B7E44 /* Localizable.strings */ = {
			isa = PBXVariantGroup;
			children = (
				5EC7779229C0278C009B7E44 /* en */,
				5EC7779429C027A2009B7E44 /* ko */,
				5EC7779529C027AC009B7E44 /* ja */,
			);
			name = Localizable.strings;
			sourceTree = "<group>";
		};
		5EF3C1C129BEBC000033CF32 /* LaunchScreen.storyboard */ = {
			isa = PBXVariantGroup;
			children = (
				5EF3C1C229BEBC000033CF32 /* Base */,
			);
			name = LaunchScreen.storyboard;
			sourceTree = "<group>";
		};
/* End PBXVariantGroup section */

/* Begin XCBuildConfiguration section */
		5EF3C1DB29BEBC030033CF32 /* Debug */ = {
			isa = XCBuildConfiguration;
			buildSettings = {
				ALWAYS_SEARCH_USER_PATHS = NO;
				CLANG_ANALYZER_LOCALIZABILITY_NONLOCALIZED = YES;
				CLANG_ANALYZER_NONNULL = YES;
				CLANG_ANALYZER_NUMBER_OBJECT_CONVERSION = YES_AGGRESSIVE;
				CLANG_CXX_LANGUAGE_STANDARD = "gnu++20";
				CLANG_ENABLE_MODULES = YES;
				CLANG_ENABLE_OBJC_ARC = YES;
				CLANG_ENABLE_OBJC_WEAK = YES;
				CLANG_WARN_BLOCK_CAPTURE_AUTORELEASING = YES;
				CLANG_WARN_BOOL_CONVERSION = YES;
				CLANG_WARN_COMMA = YES;
				CLANG_WARN_CONSTANT_CONVERSION = YES;
				CLANG_WARN_DEPRECATED_OBJC_IMPLEMENTATIONS = YES;
				CLANG_WARN_DIRECT_OBJC_ISA_USAGE = YES_ERROR;
				CLANG_WARN_DOCUMENTATION_COMMENTS = YES;
				CLANG_WARN_EMPTY_BODY = YES;
				CLANG_WARN_ENUM_CONVERSION = YES;
				CLANG_WARN_INFINITE_RECURSION = YES;
				CLANG_WARN_INT_CONVERSION = YES;
				CLANG_WARN_NON_LITERAL_NULL_CONVERSION = YES;
				CLANG_WARN_OBJC_IMPLICIT_RETAIN_SELF = YES;
				CLANG_WARN_OBJC_LITERAL_CONVERSION = YES;
				CLANG_WARN_OBJC_ROOT_CLASS = YES_ERROR;
				CLANG_WARN_QUOTED_INCLUDE_IN_FRAMEWORK_HEADER = YES;
				CLANG_WARN_RANGE_LOOP_ANALYSIS = YES;
				CLANG_WARN_STRICT_PROTOTYPES = YES;
				CLANG_WARN_SUSPICIOUS_MOVE = YES;
				CLANG_WARN_UNGUARDED_AVAILABILITY = YES_AGGRESSIVE;
				CLANG_WARN_UNREACHABLE_CODE = YES;
				CLANG_WARN__DUPLICATE_METHOD_MATCH = YES;
				COPY_PHASE_STRIP = NO;
				DEBUG_INFORMATION_FORMAT = dwarf;
				ENABLE_STRICT_OBJC_MSGSEND = YES;
				ENABLE_TESTABILITY = YES;
				GCC_C_LANGUAGE_STANDARD = gnu11;
				GCC_DYNAMIC_NO_PIC = NO;
				GCC_NO_COMMON_BLOCKS = YES;
				GCC_OPTIMIZATION_LEVEL = 0;
				GCC_PREPROCESSOR_DEFINITIONS = (
					"DEBUG=1",
					"$(inherited)",
				);
				GCC_WARN_64_TO_32_BIT_CONVERSION = YES;
				GCC_WARN_ABOUT_RETURN_TYPE = YES_ERROR;
				GCC_WARN_UNDECLARED_SELECTOR = YES;
				GCC_WARN_UNINITIALIZED_AUTOS = YES_AGGRESSIVE;
				GCC_WARN_UNUSED_FUNCTION = YES;
				GCC_WARN_UNUSED_VARIABLE = YES;
				IPHONEOS_DEPLOYMENT_TARGET = 16.0;
				MTL_ENABLE_DEBUG_INFO = INCLUDE_SOURCE;
				MTL_FAST_MATH = YES;
				ONLY_ACTIVE_ARCH = YES;
				SDKROOT = iphoneos;
				SWIFT_ACTIVE_COMPILATION_CONDITIONS = DEBUG;
				SWIFT_OPTIMIZATION_LEVEL = "-Onone";
			};
			name = Debug;
		};
		5EF3C1DC29BEBC030033CF32 /* Release */ = {
			isa = XCBuildConfiguration;
			buildSettings = {
				ALWAYS_SEARCH_USER_PATHS = NO;
				CLANG_ANALYZER_LOCALIZABILITY_NONLOCALIZED = YES;
				CLANG_ANALYZER_NONNULL = YES;
				CLANG_ANALYZER_NUMBER_OBJECT_CONVERSION = YES_AGGRESSIVE;
				CLANG_CXX_LANGUAGE_STANDARD = "gnu++20";
				CLANG_ENABLE_MODULES = YES;
				CLANG_ENABLE_OBJC_ARC = YES;
				CLANG_ENABLE_OBJC_WEAK = YES;
				CLANG_WARN_BLOCK_CAPTURE_AUTORELEASING = YES;
				CLANG_WARN_BOOL_CONVERSION = YES;
				CLANG_WARN_COMMA = YES;
				CLANG_WARN_CONSTANT_CONVERSION = YES;
				CLANG_WARN_DEPRECATED_OBJC_IMPLEMENTATIONS = YES;
				CLANG_WARN_DIRECT_OBJC_ISA_USAGE = YES_ERROR;
				CLANG_WARN_DOCUMENTATION_COMMENTS = YES;
				CLANG_WARN_EMPTY_BODY = YES;
				CLANG_WARN_ENUM_CONVERSION = YES;
				CLANG_WARN_INFINITE_RECURSION = YES;
				CLANG_WARN_INT_CONVERSION = YES;
				CLANG_WARN_NON_LITERAL_NULL_CONVERSION = YES;
				CLANG_WARN_OBJC_IMPLICIT_RETAIN_SELF = YES;
				CLANG_WARN_OBJC_LITERAL_CONVERSION = YES;
				CLANG_WARN_OBJC_ROOT_CLASS = YES_ERROR;
				CLANG_WARN_QUOTED_INCLUDE_IN_FRAMEWORK_HEADER = YES;
				CLANG_WARN_RANGE_LOOP_ANALYSIS = YES;
				CLANG_WARN_STRICT_PROTOTYPES = YES;
				CLANG_WARN_SUSPICIOUS_MOVE = YES;
				CLANG_WARN_UNGUARDED_AVAILABILITY = YES_AGGRESSIVE;
				CLANG_WARN_UNREACHABLE_CODE = YES;
				CLANG_WARN__DUPLICATE_METHOD_MATCH = YES;
				COPY_PHASE_STRIP = NO;
				DEBUG_INFORMATION_FORMAT = "dwarf-with-dsym";
				ENABLE_NS_ASSERTIONS = NO;
				ENABLE_STRICT_OBJC_MSGSEND = YES;
				GCC_C_LANGUAGE_STANDARD = gnu11;
				GCC_NO_COMMON_BLOCKS = YES;
				GCC_WARN_64_TO_32_BIT_CONVERSION = YES;
				GCC_WARN_ABOUT_RETURN_TYPE = YES_ERROR;
				GCC_WARN_UNDECLARED_SELECTOR = YES;
				GCC_WARN_UNINITIALIZED_AUTOS = YES_AGGRESSIVE;
				GCC_WARN_UNUSED_FUNCTION = YES;
				GCC_WARN_UNUSED_VARIABLE = YES;
				IPHONEOS_DEPLOYMENT_TARGET = 16.0;
				MTL_ENABLE_DEBUG_INFO = NO;
				MTL_FAST_MATH = YES;
				SDKROOT = iphoneos;
				SWIFT_COMPILATION_MODE = wholemodule;
				SWIFT_OPTIMIZATION_LEVEL = "-O";
				VALIDATE_PRODUCT = YES;
			};
			name = Release;
		};
		5EF3C1DE29BEBC030033CF32 /* Debug */ = {
			isa = XCBuildConfiguration;
			baseConfigurationReference = 442068AFCD8A3A28FDBE5BBE /* Pods-HowFastYouReact.debug.xcconfig */;
			buildSettings = {
				ASSETCATALOG_COMPILER_APPICON_NAME = AppIcon;
				ASSETCATALOG_COMPILER_GLOBAL_ACCENT_COLOR_NAME = AccentColor;
				CODE_SIGN_STYLE = Automatic;
				CURRENT_PROJECT_VERSION = 1;
				DEVELOPMENT_TEAM = 2D8WKJP7C4;
				GENERATE_INFOPLIST_FILE = YES;
				INFOPLIST_FILE = HowFastYouReact/Info.plist;
				INFOPLIST_KEY_UIApplicationSupportsIndirectInputEvents = YES;
				INFOPLIST_KEY_UILaunchStoryboardName = LaunchScreen;
				INFOPLIST_KEY_UIMainStoryboardFile = "";
				INFOPLIST_KEY_UISupportedInterfaceOrientations_iPad = "UIInterfaceOrientationPortrait UIInterfaceOrientationPortraitUpsideDown UIInterfaceOrientationLandscapeLeft UIInterfaceOrientationLandscapeRight";
				INFOPLIST_KEY_UISupportedInterfaceOrientations_iPhone = "UIInterfaceOrientationPortrait UIInterfaceOrientationLandscapeLeft UIInterfaceOrientationLandscapeRight";
				IPHONEOS_DEPLOYMENT_TARGET = 16.0;
				LD_RUNPATH_SEARCH_PATHS = (
					"$(inherited)",
					"@executable_path/Frameworks",
				);
				MARKETING_VERSION = 1.0;
				PRODUCT_BUNDLE_IDENTIFIER = kr.go.wetax.HowFastYouReact;
				PRODUCT_NAME = "$(TARGET_NAME)";
				SWIFT_EMIT_LOC_STRINGS = YES;
				SWIFT_VERSION = 5.0;
				TARGETED_DEVICE_FAMILY = "1,2";
			};
			name = Debug;
		};
		5EF3C1DF29BEBC030033CF32 /* Release */ = {
			isa = XCBuildConfiguration;
			baseConfigurationReference = 0B7A4CFD54146AE3F835A512 /* Pods-HowFastYouReact.release.xcconfig */;
			buildSettings = {
				ASSETCATALOG_COMPILER_APPICON_NAME = AppIcon;
				ASSETCATALOG_COMPILER_GLOBAL_ACCENT_COLOR_NAME = AccentColor;
				CODE_SIGN_STYLE = Automatic;
				CURRENT_PROJECT_VERSION = 1;
				DEVELOPMENT_TEAM = 2D8WKJP7C4;
				GENERATE_INFOPLIST_FILE = YES;
				INFOPLIST_FILE = HowFastYouReact/Info.plist;
				INFOPLIST_KEY_UIApplicationSupportsIndirectInputEvents = YES;
				INFOPLIST_KEY_UILaunchStoryboardName = LaunchScreen;
				INFOPLIST_KEY_UIMainStoryboardFile = "";
				INFOPLIST_KEY_UISupportedInterfaceOrientations_iPad = "UIInterfaceOrientationPortrait UIInterfaceOrientationPortraitUpsideDown UIInterfaceOrientationLandscapeLeft UIInterfaceOrientationLandscapeRight";
				INFOPLIST_KEY_UISupportedInterfaceOrientations_iPhone = "UIInterfaceOrientationPortrait UIInterfaceOrientationLandscapeLeft UIInterfaceOrientationLandscapeRight";
				IPHONEOS_DEPLOYMENT_TARGET = 16.0;
				LD_RUNPATH_SEARCH_PATHS = (
					"$(inherited)",
					"@executable_path/Frameworks",
				);
				MARKETING_VERSION = 1.0;
				PRODUCT_BUNDLE_IDENTIFIER = kr.go.wetax.HowFastYouReact;
				PRODUCT_NAME = "$(TARGET_NAME)";
				SWIFT_EMIT_LOC_STRINGS = YES;
				SWIFT_VERSION = 5.0;
				TARGETED_DEVICE_FAMILY = "1,2";
			};
			name = Release;
		};
		5EF3C1E129BEBC030033CF32 /* Debug */ = {
			isa = XCBuildConfiguration;
			baseConfigurationReference = 6FBC9847F3427AF2C8F11D6F /* Pods-HowFastYouReactTests.debug.xcconfig */;
			buildSettings = {
				ALWAYS_EMBED_SWIFT_STANDARD_LIBRARIES = YES;
				BUNDLE_LOADER = "$(TEST_HOST)";
				CODE_SIGN_STYLE = Automatic;
				CURRENT_PROJECT_VERSION = 1;
				DEVELOPMENT_TEAM = 2D8WKJP7C4;
				GENERATE_INFOPLIST_FILE = YES;
				IPHONEOS_DEPLOYMENT_TARGET = 16.2;
				MARKETING_VERSION = 1.0;
				PRODUCT_BUNDLE_IDENTIFIER = kr.go.wetax.HowFastYouReactTests;
				PRODUCT_NAME = "$(TARGET_NAME)";
				SWIFT_EMIT_LOC_STRINGS = NO;
				SWIFT_VERSION = 5.0;
				TARGETED_DEVICE_FAMILY = "1,2";
				TEST_HOST = "$(BUILT_PRODUCTS_DIR)/HowFastYouReact.app/$(BUNDLE_EXECUTABLE_FOLDER_PATH)/HowFastYouReact";
			};
			name = Debug;
		};
		5EF3C1E229BEBC030033CF32 /* Release */ = {
			isa = XCBuildConfiguration;
			baseConfigurationReference = A57BBAA6D0C4D65C89EBDFEA /* Pods-HowFastYouReactTests.release.xcconfig */;
			buildSettings = {
				ALWAYS_EMBED_SWIFT_STANDARD_LIBRARIES = YES;
				BUNDLE_LOADER = "$(TEST_HOST)";
				CODE_SIGN_STYLE = Automatic;
				CURRENT_PROJECT_VERSION = 1;
				DEVELOPMENT_TEAM = 2D8WKJP7C4;
				GENERATE_INFOPLIST_FILE = YES;
				IPHONEOS_DEPLOYMENT_TARGET = 16.2;
				MARKETING_VERSION = 1.0;
				PRODUCT_BUNDLE_IDENTIFIER = kr.go.wetax.HowFastYouReactTests;
				PRODUCT_NAME = "$(TARGET_NAME)";
				SWIFT_EMIT_LOC_STRINGS = NO;
				SWIFT_VERSION = 5.0;
				TARGETED_DEVICE_FAMILY = "1,2";
				TEST_HOST = "$(BUILT_PRODUCTS_DIR)/HowFastYouReact.app/$(BUNDLE_EXECUTABLE_FOLDER_PATH)/HowFastYouReact";
			};
			name = Release;
		};
		5EF3C1E429BEBC030033CF32 /* Debug */ = {
			isa = XCBuildConfiguration;
			baseConfigurationReference = D41039D009356C2D7392018D /* Pods-HowFastYouReact-HowFastYouReactUITests.debug.xcconfig */;
			buildSettings = {
				ALWAYS_EMBED_SWIFT_STANDARD_LIBRARIES = YES;
				CODE_SIGN_STYLE = Automatic;
				CURRENT_PROJECT_VERSION = 1;
				DEVELOPMENT_TEAM = 2D8WKJP7C4;
				GENERATE_INFOPLIST_FILE = YES;
				MARKETING_VERSION = 1.0;
				PRODUCT_BUNDLE_IDENTIFIER = kr.go.wetax.HowFastYouReactUITests;
				PRODUCT_NAME = "$(TARGET_NAME)";
				SWIFT_EMIT_LOC_STRINGS = NO;
				SWIFT_VERSION = 5.0;
				TARGETED_DEVICE_FAMILY = "1,2";
				TEST_TARGET_NAME = HowFastYouReact;
			};
			name = Debug;
		};
		5EF3C1E529BEBC030033CF32 /* Release */ = {
			isa = XCBuildConfiguration;
			baseConfigurationReference = 5DCCBE14B450B957043E0C58 /* Pods-HowFastYouReact-HowFastYouReactUITests.release.xcconfig */;
			buildSettings = {
				ALWAYS_EMBED_SWIFT_STANDARD_LIBRARIES = YES;
				CODE_SIGN_STYLE = Automatic;
				CURRENT_PROJECT_VERSION = 1;
				DEVELOPMENT_TEAM = 2D8WKJP7C4;
				GENERATE_INFOPLIST_FILE = YES;
				MARKETING_VERSION = 1.0;
				PRODUCT_BUNDLE_IDENTIFIER = kr.go.wetax.HowFastYouReactUITests;
				PRODUCT_NAME = "$(TARGET_NAME)";
				SWIFT_EMIT_LOC_STRINGS = NO;
				SWIFT_VERSION = 5.0;
				TARGETED_DEVICE_FAMILY = "1,2";
				TEST_TARGET_NAME = HowFastYouReact;
			};
			name = Release;
		};
/* End XCBuildConfiguration section */

/* Begin XCConfigurationList section */
		5EF3C1AE29BEBBFB0033CF32 /* Build configuration list for PBXProject "HowFastYouReact" */ = {
			isa = XCConfigurationList;
			buildConfigurations = (
				5EF3C1DB29BEBC030033CF32 /* Debug */,
				5EF3C1DC29BEBC030033CF32 /* Release */,
			);
			defaultConfigurationIsVisible = 0;
			defaultConfigurationName = Release;
		};
		5EF3C1DD29BEBC030033CF32 /* Build configuration list for PBXNativeTarget "HowFastYouReact" */ = {
			isa = XCConfigurationList;
			buildConfigurations = (
				5EF3C1DE29BEBC030033CF32 /* Debug */,
				5EF3C1DF29BEBC030033CF32 /* Release */,
			);
			defaultConfigurationIsVisible = 0;
			defaultConfigurationName = Release;
		};
		5EF3C1E029BEBC030033CF32 /* Build configuration list for PBXNativeTarget "HowFastYouReactTests" */ = {
			isa = XCConfigurationList;
			buildConfigurations = (
				5EF3C1E129BEBC030033CF32 /* Debug */,
				5EF3C1E229BEBC030033CF32 /* Release */,
			);
			defaultConfigurationIsVisible = 0;
			defaultConfigurationName = Release;
		};
		5EF3C1E329BEBC030033CF32 /* Build configuration list for PBXNativeTarget "HowFastYouReactUITests" */ = {
			isa = XCConfigurationList;
			buildConfigurations = (
				5EF3C1E429BEBC030033CF32 /* Debug */,
				5EF3C1E529BEBC030033CF32 /* Release */,
			);
			defaultConfigurationIsVisible = 0;
			defaultConfigurationName = Release;
		};
/* End XCConfigurationList section */
	};
	rootObject = 5EF3C1AB29BEBBFB0033CF32 /* Project object */;
}
